// !$*UTF8*$!
{
	archiveVersion = 1;
	classes = {
	};
	objectVersion = 50;
	objects = {

/* Begin PBXBuildFile section */
		E2D4F77A26FCBC8C00A31C78 /* AppDelegate.swift in Sources */ = {isa = PBXBuildFile; fileRef = E2D4F77926FCBC8C00A31C78 /* AppDelegate.swift */; };
		E2D4F77C26FCBC8C00A31C78 /* SceneDelegate.swift in Sources */ = {isa = PBXBuildFile; fileRef = E2D4F77B26FCBC8C00A31C78 /* SceneDelegate.swift */; };
		E2D4F78126FCBC8C00A31C78 /* Main.storyboard in Resources */ = {isa = PBXBuildFile; fileRef = E2D4F77F26FCBC8C00A31C78 /* Main.storyboard */; };
		E2D4F78426FCBC8C00A31C78 /* TaskIOS.xcdatamodeld in Sources */ = {isa = PBXBuildFile; fileRef = E2D4F78226FCBC8C00A31C78 /* TaskIOS.xcdatamodeld */; };
		E2D4F78626FCBC8E00A31C78 /* Assets.xcassets in Resources */ = {isa = PBXBuildFile; fileRef = E2D4F78526FCBC8E00A31C78 /* Assets.xcassets */; };
		E2D4F78926FCBC8E00A31C78 /* LaunchScreen.storyboard in Resources */ = {isa = PBXBuildFile; fileRef = E2D4F78726FCBC8E00A31C78 /* LaunchScreen.storyboard */; };
		E2D4F79726FCBD5300A31C78 /* HomeModel.swift in Sources */ = {isa = PBXBuildFile; fileRef = E2D4F79626FCBD5300A31C78 /* HomeModel.swift */; };
		E2D4F79926FCBD8B00A31C78 /* HomeVC.swift in Sources */ = {isa = PBXBuildFile; fileRef = E2D4F79826FCBD8B00A31C78 /* HomeVC.swift */; };
		E2D4F79B26FCBDA400A31C78 /* HomePresenter.swift in Sources */ = {isa = PBXBuildFile; fileRef = E2D4F79A26FCBDA400A31C78 /* HomePresenter.swift */; };
		E2D4F79F26FCBF9F00A31C78 /* HomeCell.swift in Sources */ = {isa = PBXBuildFile; fileRef = E2D4F79D26FCBF9F00A31C78 /* HomeCell.swift */; };
		E2D4F7A026FCBF9F00A31C78 /* HomeCell.xib in Resources */ = {isa = PBXBuildFile; fileRef = E2D4F79E26FCBF9F00A31C78 /* HomeCell.xib */; };
		E2DE253426FCF8E400CE09C0 /* AddProductVC.swift in Sources */ = {isa = PBXBuildFile; fileRef = E2DE253326FCF8E400CE09C0 /* AddProductVC.swift */; };
		E2DE253A26FCF97E00CE09C0 /* DemoView.swift in Sources */ = {isa = PBXBuildFile; fileRef = E2DE253626FCF97E00CE09C0 /* DemoView.swift */; };
		E2DE253B26FCF97E00CE09C0 /* Extensions.swift in Sources */ = {isa = PBXBuildFile; fileRef = E2DE253726FCF97E00CE09C0 /* Extensions.swift */; };
		E2DE253C26FCF97E00CE09C0 /* TabBarController.swift in Sources */ = {isa = PBXBuildFile; fileRef = E2DE253826FCF97E00CE09C0 /* TabBarController.swift */; };
		E2DE253D26FCF97E00CE09C0 /* TabBarWithCorners.swift in Sources */ = {isa = PBXBuildFile; fileRef = E2DE253926FCF97E00CE09C0 /* TabBarWithCorners.swift */; };
		E2DE254126FCF98800CE09C0 /* AMToaster.swift in Sources */ = {isa = PBXBuildFile; fileRef = E2DE253F26FCF98700CE09C0 /* AMToaster.swift */; };
		E2DE254226FCF98800CE09C0 /* AMToaster.xib in Resources */ = {isa = PBXBuildFile; fileRef = E2DE254026FCF98700CE09C0 /* AMToaster.xib */; };
/* End PBXBuildFile section */

/* Begin PBXFileReference section */
		E2D4F77626FCBC8C00A31C78 /* TaskIOS.app */ = {isa = PBXFileReference; explicitFileType = wrapper.application; includeInIndex = 0; path = TaskIOS.app; sourceTree = BUILT_PRODUCTS_DIR; };
		E2D4F77926FCBC8C00A31C78 /* AppDelegate.swift */ = {isa = PBXFileReference; lastKnownFileType = sourcecode.swift; path = AppDelegate.swift; sourceTree = "<group>"; };
		E2D4F77B26FCBC8C00A31C78 /* SceneDelegate.swift */ = {isa = PBXFileReference; lastKnownFileType = sourcecode.swift; path = SceneDelegate.swift; sourceTree = "<group>"; };
		E2D4F78026FCBC8C00A31C78 /* Base */ = {isa = PBXFileReference; lastKnownFileType = file.storyboard; name = Base; path = Base.lproj/Main.storyboard; sourceTree = "<group>"; };
		E2D4F78326FCBC8C00A31C78 /* TaskIOS.xcdatamodel */ = {isa = PBXFileReference; lastKnownFileType = wrapper.xcdatamodel; path = TaskIOS.xcdatamodel; sourceTree = "<group>"; };
		E2D4F78526FCBC8E00A31C78 /* Assets.xcassets */ = {isa = PBXFileReference; lastKnownFileType = folder.assetcatalog; path = Assets.xcassets; sourceTree = "<group>"; };
		E2D4F78826FCBC8E00A31C78 /* Base */ = {isa = PBXFileReference; lastKnownFileType = file.storyboard; name = Base; path = Base.lproj/LaunchScreen.storyboard; sourceTree = "<group>"; };
		E2D4F78A26FCBC8E00A31C78 /* Info.plist */ = {isa = PBXFileReference; lastKnownFileType = text.plist.xml; path = Info.plist; sourceTree = "<group>"; };
		E2D4F79626FCBD5300A31C78 /* HomeModel.swift */ = {isa = PBXFileReference; lastKnownFileType = sourcecode.swift; path = HomeModel.swift; sourceTree = "<group>"; };
		E2D4F79826FCBD8B00A31C78 /* HomeVC.swift */ = {isa = PBXFileReference; lastKnownFileType = sourcecode.swift; path = HomeVC.swift; sourceTree = "<group>"; };
		E2D4F79A26FCBDA400A31C78 /* HomePresenter.swift */ = {isa = PBXFileReference; lastKnownFileType = sourcecode.swift; path = HomePresenter.swift; sourceTree = "<group>"; };
		E2D4F79D26FCBF9F00A31C78 /* HomeCell.swift */ = {isa = PBXFileReference; lastKnownFileType = sourcecode.swift; path = HomeCell.swift; sourceTree = "<group>"; };
		E2D4F79E26FCBF9F00A31C78 /* HomeCell.xib */ = {isa = PBXFileReference; lastKnownFileType = file.xib; path = HomeCell.xib; sourceTree = "<group>"; };
		E2DE253326FCF8E400CE09C0 /* AddProductVC.swift */ = {isa = PBXFileReference; lastKnownFileType = sourcecode.swift; path = AddProductVC.swift; sourceTree = "<group>"; };
		E2DE253626FCF97E00CE09C0 /* DemoView.swift */ = {isa = PBXFileReference; fileEncoding = 4; lastKnownFileType = sourcecode.swift; path = DemoView.swift; sourceTree = "<group>"; };
		E2DE253726FCF97E00CE09C0 /* Extensions.swift */ = {isa = PBXFileReference; fileEncoding = 4; lastKnownFileType = sourcecode.swift; path = Extensions.swift; sourceTree = "<group>"; };
		E2DE253826FCF97E00CE09C0 /* TabBarController.swift */ = {isa = PBXFileReference; fileEncoding = 4; lastKnownFileType = sourcecode.swift; path = TabBarController.swift; sourceTree = "<group>"; };
		E2DE253926FCF97E00CE09C0 /* TabBarWithCorners.swift */ = {isa = PBXFileReference; fileEncoding = 4; lastKnownFileType = sourcecode.swift; path = TabBarWithCorners.swift; sourceTree = "<group>"; };
		E2DE253F26FCF98700CE09C0 /* AMToaster.swift */ = {isa = PBXFileReference; fileEncoding = 4; lastKnownFileType = sourcecode.swift; path = AMToaster.swift; sourceTree = "<group>"; };
		E2DE254026FCF98700CE09C0 /* AMToaster.xib */ = {isa = PBXFileReference; fileEncoding = 4; lastKnownFileType = file.xib; path = AMToaster.xib; sourceTree = "<group>"; };
/* End PBXFileReference section */

/* Begin PBXFrameworksBuildPhase section */
		E2D4F77326FCBC8C00A31C78 /* Frameworks */ = {
			isa = PBXFrameworksBuildPhase;
			buildActionMask = 2147483647;
			files = (
			);
			runOnlyForDeploymentPostprocessing = 0;
		};
/* End PBXFrameworksBuildPhase section */

/* Begin PBXGroup section */
		E2D4F76D26FCBC8C00A31C78 = {
			isa = PBXGroup;
			children = (
				E2D4F77826FCBC8C00A31C78 /* TaskIOS */,
				E2D4F77726FCBC8C00A31C78 /* Products */,
			);
			sourceTree = "<group>";
		};
		E2D4F77726FCBC8C00A31C78 /* Products */ = {
			isa = PBXGroup;
			children = (
				E2D4F77626FCBC8C00A31C78 /* TaskIOS.app */,
			);
			name = Products;
			sourceTree = "<group>";
		};
		E2D4F77826FCBC8C00A31C78 /* TaskIOS */ = {
			isa = PBXGroup;
			children = (
				E2DE253E26FCF98700CE09C0 /* Toaster */,
				E2DE253526FCF97E00CE09C0 /* Utilities */,
				E2D4F79526FCBD3F00A31C78 /* Presenter */,
				E2D4F79426FCBD3A00A31C78 /* View */,
				E2D4F79326FCBD3400A31C78 /* Model */,
				E2D4F79226FCBD2400A31C78 /* Storyboards */,
				E2D4F79126FCBD1800A31C78 /* Resources */,
				E2D4F79026FCBD0D00A31C78 /* Core */,
				E2D4F78A26FCBC8E00A31C78 /* Info.plist */,
				E2D4F78226FCBC8C00A31C78 /* TaskIOS.xcdatamodeld */,
			);
			path = TaskIOS;
			sourceTree = "<group>";
		};
		E2D4F79026FCBD0D00A31C78 /* Core */ = {
			isa = PBXGroup;
			children = (
				E2D4F77926FCBC8C00A31C78 /* AppDelegate.swift */,
				E2D4F77B26FCBC8C00A31C78 /* SceneDelegate.swift */,
			);
			path = Core;
			sourceTree = "<group>";
		};
		E2D4F79126FCBD1800A31C78 /* Resources */ = {
			isa = PBXGroup;
			children = (
				E2D4F78526FCBC8E00A31C78 /* Assets.xcassets */,
				E2D4F78726FCBC8E00A31C78 /* LaunchScreen.storyboard */,
			);
			path = Resources;
			sourceTree = "<group>";
		};
		E2D4F79226FCBD2400A31C78 /* Storyboards */ = {
			isa = PBXGroup;
			children = (
				E2D4F77F26FCBC8C00A31C78 /* Main.storyboard */,
			);
			path = Storyboards;
			sourceTree = "<group>";
		};
		E2D4F79326FCBD3400A31C78 /* Model */ = {
			isa = PBXGroup;
			children = (
				E2D4F79626FCBD5300A31C78 /* HomeModel.swift */,
			);
			path = Model;
			sourceTree = "<group>";
		};
		E2D4F79426FCBD3A00A31C78 /* View */ = {
			isa = PBXGroup;
			children = (
				E2D4F79C26FCBF8600A31C78 /* Cells */,
				E2D4F79826FCBD8B00A31C78 /* HomeVC.swift */,
				E2DE253326FCF8E400CE09C0 /* AddProductVC.swift */,
			);
			path = View;
			sourceTree = "<group>";
		};
		E2D4F79526FCBD3F00A31C78 /* Presenter */ = {
			isa = PBXGroup;
			children = (
				E2D4F79A26FCBDA400A31C78 /* HomePresenter.swift */,
			);
			path = Presenter;
			sourceTree = "<group>";
		};
		E2D4F79C26FCBF8600A31C78 /* Cells */ = {
			isa = PBXGroup;
			children = (
				E2D4F79D26FCBF9F00A31C78 /* HomeCell.swift */,
				E2D4F79E26FCBF9F00A31C78 /* HomeCell.xib */,
			);
			path = Cells;
			sourceTree = "<group>";
		};
		E2DE253526FCF97E00CE09C0 /* Utilities */ = {
			isa = PBXGroup;
			children = (
				E2DE253626FCF97E00CE09C0 /* DemoView.swift */,
				E2DE253726FCF97E00CE09C0 /* Extensions.swift */,
				E2DE253826FCF97E00CE09C0 /* TabBarController.swift */,
				E2DE253926FCF97E00CE09C0 /* TabBarWithCorners.swift */,
			);
			name = Utilities;
			path = ../../AppSquareTask/AppSquareTask/Utilities;
			sourceTree = "<group>";
		};
		E2DE253E26FCF98700CE09C0 /* Toaster */ = {
			isa = PBXGroup;
			children = (
				E2DE253F26FCF98700CE09C0 /* AMToaster.swift */,
				E2DE254026FCF98700CE09C0 /* AMToaster.xib */,
			);
			name = Toaster;
			path = ../../BrightskiesTask/BrightskiesTask/Toaster;
			sourceTree = "<group>";
		};
/* End PBXGroup section */

/* Begin PBXNativeTarget section */
		E2D4F77526FCBC8C00A31C78 /* TaskIOS */ = {
			isa = PBXNativeTarget;
			buildConfigurationList = E2D4F78D26FCBC8E00A31C78 /* Build configuration list for PBXNativeTarget "TaskIOS" */;
			buildPhases = (
				E2D4F77226FCBC8C00A31C78 /* Sources */,
				E2D4F77326FCBC8C00A31C78 /* Frameworks */,
				E2D4F77426FCBC8C00A31C78 /* Resources */,
			);
			buildRules = (
			);
			dependencies = (
			);
			name = TaskIOS;
			productName = TaskIOS;
			productReference = E2D4F77626FCBC8C00A31C78 /* TaskIOS.app */;
			productType = "com.apple.product-type.application";
		};
/* End PBXNativeTarget section */

/* Begin PBXProject section */
		E2D4F76E26FCBC8C00A31C78 /* Project object */ = {
			isa = PBXProject;
			attributes = {
				LastSwiftUpdateCheck = 1130;
				LastUpgradeCheck = 1130;
				ORGANIZATIONNAME = eramint.com;
				TargetAttributes = {
					E2D4F77526FCBC8C00A31C78 = {
						CreatedOnToolsVersion = 11.3.1;
					};
				};
			};
			buildConfigurationList = E2D4F77126FCBC8C00A31C78 /* Build configuration list for PBXProject "TaskIOS" */;
			compatibilityVersion = "Xcode 9.3";
			developmentRegion = en;
			hasScannedForEncodings = 0;
			knownRegions = (
				en,
				Base,
			);
			mainGroup = E2D4F76D26FCBC8C00A31C78;
			productRefGroup = E2D4F77726FCBC8C00A31C78 /* Products */;
			projectDirPath = "";
			projectRoot = "";
			targets = (
				E2D4F77526FCBC8C00A31C78 /* TaskIOS */,
			);
		};
/* End PBXProject section */

/* Begin PBXResourcesBuildPhase section */
		E2D4F77426FCBC8C00A31C78 /* Resources */ = {
			isa = PBXResourcesBuildPhase;
			buildActionMask = 2147483647;
			files = (
				E2D4F78926FCBC8E00A31C78 /* LaunchScreen.storyboard in Resources */,
				E2DE254226FCF98800CE09C0 /* AMToaster.xib in Resources */,
				E2D4F78626FCBC8E00A31C78 /* Assets.xcassets in Resources */,
				E2D4F7A026FCBF9F00A31C78 /* HomeCell.xib in Resources */,
				E2D4F78126FCBC8C00A31C78 /* Main.storyboard in Resources */,
			);
			runOnlyForDeploymentPostprocessing = 0;
		};
/* End PBXResourcesBuildPhase section */

/* Begin PBXSourcesBuildPhase section */
		E2D4F77226FCBC8C00A31C78 /* Sources */ = {
			isa = PBXSourcesBuildPhase;
			buildActionMask = 2147483647;
			files = (
				E2DE253426FCF8E400CE09C0 /* AddProductVC.swift in Sources */,
				E2D4F79726FCBD5300A31C78 /* HomeModel.swift in Sources */,
				E2DE253C26FCF97E00CE09C0 /* TabBarController.swift in Sources */,
				E2D4F79F26FCBF9F00A31C78 /* HomeCell.swift in Sources */,
				E2D4F79926FCBD8B00A31C78 /* HomeVC.swift in Sources */,
				E2DE253A26FCF97E00CE09C0 /* DemoView.swift in Sources */,
				E2DE253B26FCF97E00CE09C0 /* Extensions.swift in Sources */,
				E2D4F77A26FCBC8C00A31C78 /* AppDelegate.swift in Sources */,
				E2D4F79B26FCBDA400A31C78 /* HomePresenter.swift in Sources */,
				E2D4F78426FCBC8C00A31C78 /* TaskIOS.xcdatamodeld in Sources */,
				E2DE253D26FCF97E00CE09C0 /* TabBarWithCorners.swift in Sources */,
				E2DE254126FCF98800CE09C0 /* AMToaster.swift in Sources */,
				E2D4F77C26FCBC8C00A31C78 /* SceneDelegate.swift in Sources */,
			);
			runOnlyForDeploymentPostprocessing = 0;
		};
/* End PBXSourcesBuildPhase section */

/* Begin PBXVariantGroup section */
		E2D4F77F26FCBC8C00A31C78 /* Main.storyboard */ = {
			isa = PBXVariantGroup;
			children = (
				E2D4F78026FCBC8C00A31C78 /* Base */,
			);
			name = Main.storyboard;
			sourceTree = "<group>";
		};
		E2D4F78726FCBC8E00A31C78 /* LaunchScreen.storyboard */ = {
			isa = PBXVariantGroup;
			children = (
				E2D4F78826FCBC8E00A31C78 /* Base */,
			);
			name = LaunchScreen.storyboard;
			sourceTree = "<group>";
		};
/* End PBXVariantGroup section */

/* Begin XCBuildConfiguration section */
		E2D4F78B26FCBC8E00A31C78 /* Debug */ = {
			isa = XCBuildConfiguration;
			buildSettings = {
				ALWAYS_SEARCH_USER_PATHS = NO;
				CLANG_ANALYZER_NONNULL = YES;
				CLANG_ANALYZER_NUMBER_OBJECT_CONVERSION = YES_AGGRESSIVE;
				CLANG_CXX_LANGUAGE_STANDARD = "gnu++14";
				CLANG_CXX_LIBRARY = "libc++";
				CLANG_ENABLE_MODULES = YES;
				CLANG_ENABLE_OBJC_ARC = YES;
				CLANG_ENABLE_OBJC_WEAK = YES;
				CLANG_WARN_BLOCK_CAPTURE_AUTORELEASING = YES;
				CLANG_WARN_BOOL_CONVERSION = YES;
				CLANG_WARN_COMMA = YES;
				CLANG_WARN_CONSTANT_CONVERSION = YES;
				CLANG_WARN_DEPRECATED_OBJC_IMPLEMENTATIONS = YES;
				CLANG_WARN_DIRECT_OBJC_ISA_USAGE = YES_ERROR;
				CLANG_WARN_DOCUMENTATION_COMMENTS = YES;
				CLANG_WARN_EMPTY_BODY = YES;
				CLANG_WARN_ENUM_CONVERSION = YES;
				CLANG_WARN_INFINITE_RECURSION = YES;
				CLANG_WARN_INT_CONVERSION = YES;
				CLANG_WARN_NON_LITERAL_NULL_CONVERSION = YES;
				CLANG_WARN_OBJC_IMPLICIT_RETAIN_SELF = YES;
				CLANG_WARN_OBJC_LITERAL_CONVERSION = YES;
				CLANG_WARN_OBJC_ROOT_CLASS = YES_ERROR;
				CLANG_WARN_RANGE_LOOP_ANALYSIS = YES;
				CLANG_WARN_STRICT_PROTOTYPES = YES;
				CLANG_WARN_SUSPICIOUS_MOVE = YES;
				CLANG_WARN_UNGUARDED_AVAILABILITY = YES_AGGRESSIVE;
				CLANG_WARN_UNREACHABLE_CODE = YES;
				CLANG_WARN__DUPLICATE_METHOD_MATCH = YES;
				COPY_PHASE_STRIP = NO;
				DEBUG_INFORMATION_FORMAT = dwarf;
				ENABLE_STRICT_OBJC_MSGSEND = YES;
				ENABLE_TESTABILITY = YES;
				GCC_C_LANGUAGE_STANDARD = gnu11;
				GCC_DYNAMIC_NO_PIC = NO;
				GCC_NO_COMMON_BLOCKS = YES;
				GCC_OPTIMIZATION_LEVEL = 0;
				GCC_PREPROCESSOR_DEFINITIONS = (
					"DEBUG=1",
					"$(inherited)",
				);
				GCC_WARN_64_TO_32_BIT_CONVERSION = YES;
				GCC_WARN_ABOUT_RETURN_TYPE = YES_ERROR;
				GCC_WARN_UNDECLARED_SELECTOR = YES;
				GCC_WARN_UNINITIALIZED_AUTOS = YES_AGGRESSIVE;
				GCC_WARN_UNUSED_FUNCTION = YES;
				GCC_WARN_UNUSED_VARIABLE = YES;
				IPHONEOS_DEPLOYMENT_TARGET = 13.2;
				MTL_ENABLE_DEBUG_INFO = INCLUDE_SOURCE;
				MTL_FAST_MATH = YES;
				ONLY_ACTIVE_ARCH = YES;
				SDKROOT = iphoneos;
				SWIFT_ACTIVE_COMPILATION_CONDITIONS = DEBUG;
				SWIFT_OPTIMIZATION_LEVEL = "-Onone";
			};
			name = Debug;
		};
		E2D4F78C26FCBC8E00A31C78 /* Release */ = {
			isa = XCBuildConfiguration;
			buildSettings = {
				ALWAYS_SEARCH_USER_PATHS = NO;
				CLANG_ANALYZER_NONNULL = YES;
				CLANG_ANALYZER_NUMBER_OBJECT_CONVERSION = YES_AGGRESSIVE;
				CLANG_CXX_LANGUAGE_STANDARD = "gnu++14";
				CLANG_CXX_LIBRARY = "libc++";
				CLANG_ENABLE_MODULES = YES;
				CLANG_ENABLE_OBJC_ARC = YES;
				CLANG_ENABLE_OBJC_WEAK = YES;
				CLANG_WARN_BLOCK_CAPTURE_AUTORELEASING = YES;
				CLANG_WARN_BOOL_CONVERSION = YES;
				CLANG_WARN_COMMA = YES;
				CLANG_WARN_CONSTANT_CONVERSION = YES;
				CLANG_WARN_DEPRECATED_OBJC_IMPLEMENTATIONS = YES;
				CLANG_WARN_DIRECT_OBJC_ISA_USAGE = YES_ERROR;
				CLANG_WARN_DOCUMENTATION_COMMENTS = YES;
				CLANG_WARN_EMPTY_BODY = YES;
				CLANG_WARN_ENUM_CONVERSION = YES;
				CLANG_WARN_INFINITE_RECURSION = YES;
				CLANG_WARN_INT_CONVERSION = YES;
				CLANG_WARN_NON_LITERAL_NULL_CONVERSION = YES;
				CLANG_WARN_OBJC_IMPLICIT_RETAIN_SELF = YES;
				CLANG_WARN_OBJC_LITERAL_CONVERSION = YES;
				CLANG_WARN_OBJC_ROOT_CLASS = YES_ERROR;
				CLANG_WARN_RANGE_LOOP_ANALYSIS = YES;
				CLANG_WARN_STRICT_PROTOTYPES = YES;
				CLANG_WARN_SUSPICIOUS_MOVE = YES;
				CLANG_WARN_UNGUARDED_AVAILABILITY = YES_AGGRESSIVE;
				CLANG_WARN_UNREACHABLE_CODE = YES;
				CLANG_WARN__DUPLICATE_METHOD_MATCH = YES;
				COPY_PHASE_STRIP = NO;
				DEBUG_INFORMATION_FORMAT = "dwarf-with-dsym";
				ENABLE_NS_ASSERTIONS = NO;
				ENABLE_STRICT_OBJC_MSGSEND = YES;
				GCC_C_LANGUAGE_STANDARD = gnu11;
				GCC_NO_COMMON_BLOCKS = YES;
				GCC_WARN_64_TO_32_BIT_CONVERSION = YES;
				GCC_WARN_ABOUT_RETURN_TYPE = YES_ERROR;
				GCC_WARN_UNDECLARED_SELECTOR = YES;
				GCC_WARN_UNINITIALIZED_AUTOS = YES_AGGRESSIVE;
				GCC_WARN_UNUSED_FUNCTION = YES;
				GCC_WARN_UNUSED_VARIABLE = YES;
				IPHONEOS_DEPLOYMENT_TARGET = 13.2;
				MTL_ENABLE_DEBUG_INFO = NO;
				MTL_FAST_MATH = YES;
				SDKROOT = iphoneos;
				SWIFT_COMPILATION_MODE = wholemodule;
				SWIFT_OPTIMIZATION_LEVEL = "-O";
				VALIDATE_PRODUCT = YES;
			};
			name = Release;
		};
		E2D4F78E26FCBC8E00A31C78 /* Debug */ = {
			isa = XCBuildConfiguration;
			buildSettings = {
				ASSETCATALOG_COMPILER_APPICON_NAME = AppIcon;
				CODE_SIGN_STYLE = Automatic;
				DEVELOPMENT_TEAM = 49S67L89RZ;
				INFOPLIST_FILE = TaskIOS/Info.plist;
				LD_RUNPATH_SEARCH_PATHS = (
					"$(inherited)",
					"@executable_path/Frameworks",
				);
				PRODUCT_BUNDLE_IDENTIFIER = Eramint.com.TaskIOS;
				PRODUCT_NAME = "$(TARGET_NAME)";
				SWIFT_VERSION = 5.0;
				TARGETED_DEVICE_FAMILY = "1,2";
			};
			name = Debug;
		};
		E2D4F78F26FCBC8E00A31C78 /* Release */ = {
			isa = XCBuildConfiguration;
			buildSettings = {
				ASSETCATALOG_COMPILER_APPICON_NAME = AppIcon;
				CODE_SIGN_STYLE = Automatic;
				DEVELOPMENT_TEAM = 49S67L89RZ;
				INFOPLIST_FILE = TaskIOS/Info.plist;
				LD_RUNPATH_SEARCH_PATHS = (
					"$(inherited)",
					"@executable_path/Frameworks",
				);
				PRODUCT_BUNDLE_IDENTIFIER = Eramint.com.TaskIOS;
				PRODUCT_NAME = "$(TARGET_NAME)";
				SWIFT_VERSION = 5.0;
				TARGETED_DEVICE_FAMILY = "1,2";
			};
			name = Release;
		};
/* End XCBuildConfiguration section */

/* Begin XCConfigurationList section */
		E2D4F77126FCBC8C00A31C78 /* Build configuration list for PBXProject "TaskIOS" */ = {
			isa = XCConfigurationList;
			buildConfigurations = (
				E2D4F78B26FCBC8E00A31C78 /* Debug */,
				E2D4F78C26FCBC8E00A31C78 /* Release */,
			);
			defaultConfigurationIsVisible = 0;
			defaultConfigurationName = Release;
		};
		E2D4F78D26FCBC8E00A31C78 /* Build configuration list for PBXNativeTarget "TaskIOS" */ = {
			isa = XCConfigurationList;
			buildConfigurations = (
				E2D4F78E26FCBC8E00A31C78 /* Debug */,
				E2D4F78F26FCBC8E00A31C78 /* Release */,
			);
			defaultConfigurationIsVisible = 0;
			defaultConfigurationName = Release;
		};
/* End XCConfigurationList section */

/* Begin XCVersionGroup section */
		E2D4F78226FCBC8C00A31C78 /* TaskIOS.xcdatamodeld */ = {
			isa = XCVersionGroup;
			children = (
				E2D4F78326FCBC8C00A31C78 /* TaskIOS.xcdatamodel */,
			);
			currentVersion = E2D4F78326FCBC8C00A31C78 /* TaskIOS.xcdatamodel */;
			path = TaskIOS.xcdatamodeld;
			sourceTree = "<group>";
			versionGroupType = wrapper.xcdatamodel;
		};
/* End XCVersionGroup section */
	};
	rootObject = E2D4F76E26FCBC8C00A31C78 /* Project object */;
}
